// !$*UTF8*$!
{
	archiveVersion = 1;
	classes = {
	};
	objectVersion = 46;
	objects = {

/* Begin PBXBuildFile section */
		098A2D6617B0CEDA00B99928 /* UIKit.framework in Frameworks */ = {isa = PBXBuildFile; fileRef = 7A3FC5FC17533CA900EF7EE1 /* UIKit.framework */; };
		098A2D6717B0CEDA00B99928 /* Foundation.framework in Frameworks */ = {isa = PBXBuildFile; fileRef = 7A3FC5FE17533CA900EF7EE1 /* Foundation.framework */; };
		098A2D6817B0CEDA00B99928 /* CoreGraphics.framework in Frameworks */ = {isa = PBXBuildFile; fileRef = 7A3FC60017533CA900EF7EE1 /* CoreGraphics.framework */; };
		098A2D7E17B0CF4600B99928 /* SystemConfiguration.framework in Frameworks */ = {isa = PBXBuildFile; fileRef = 099DAEB9178FC84300CBF872 /* SystemConfiguration.framework */; };
		098A2D7F17B0CF4F00B99928 /* StoreKit.framework in Frameworks */ = {isa = PBXBuildFile; fileRef = 099DAEB7178FC83E00CBF872 /* StoreKit.framework */; };
		098A2D8017B0CF5600B99928 /* Security.framework in Frameworks */ = {isa = PBXBuildFile; fileRef = 099DAEB5178FC83800CBF872 /* Security.framework */; };
		098A2D8117B0CF5D00B99928 /* QuartzCore.framework in Frameworks */ = {isa = PBXBuildFile; fileRef = 099DAEB3178FC83100CBF872 /* QuartzCore.framework */; };
		098A2D8217B0CF6700B99928 /* MobileCoreServices.framework in Frameworks */ = {isa = PBXBuildFile; fileRef = 099DAEB1178FC82800CBF872 /* MobileCoreServices.framework */; };
		098A2D8317B0CF6E00B99928 /* CoreLocation.framework in Frameworks */ = {isa = PBXBuildFile; fileRef = 099DAEAD178FC81200CBF872 /* CoreLocation.framework */; };
		098A2D8417B0CF8100B99928 /* CFNetwork.framework in Frameworks */ = {isa = PBXBuildFile; fileRef = 099DAEAB178FC80400CBF872 /* CFNetwork.framework */; };
		098A2D8517B0CF8700B99928 /* AudioToolbox.framework in Frameworks */ = {isa = PBXBuildFile; fileRef = 099DAEA9178FC7FF00CBF872 /* AudioToolbox.framework */; };
		098A2D8617B0CFB000B99928 /* Parse.framework in Frameworks */ = {isa = PBXBuildFile; fileRef = 6E65A31017AEA12000924194 /* Parse.framework */; };
		098A2D8917B0D00600B99928 /* libz.1.1.3.dylib in Frameworks */ = {isa = PBXBuildFile; fileRef = 099DAEAF178FC81E00CBF872 /* libz.1.1.3.dylib */; };
		098A2D8C17B0DA0000B99928 /* ParseBridgeAppDelegate.m in Sources */ = {isa = PBXBuildFile; fileRef = 098A2D8B17B0DA0000B99928 /* ParseBridgeAppDelegate.m */; };
		098A2D8E17B0DE4400B99928 /* main.m in Sources */ = {isa = PBXBuildFile; fileRef = 098A2D8D17B0DE4400B99928 /* main.m */; };
		09A9B9A917B8B26A00ACA1BD /* FacebookSDK.framework in Frameworks */ = {isa = PBXBuildFile; fileRef = 09A9B9A817B8B26A00ACA1BD /* FacebookSDK.framework */; };
/* End PBXBuildFile section */

/* Begin PBXFileReference section */
		090A0E6517C0C5DC0023C28B /* FindCallback.h */ = {isa = PBXFileReference; lastKnownFileType = sourcecode.c.h; name = FindCallback.h; path = Bridge/FindCallback.h; sourceTree = "<group>"; };
		090A0E6617C0C5DC0023C28B /* FindCallback.m */ = {isa = PBXFileReference; lastKnownFileType = sourcecode.c.objc; name = FindCallback.m; path = Bridge/FindCallback.m; sourceTree = "<group>"; };
		090A0E6717C0C5DC0023C28B /* FunctionCallback.h */ = {isa = PBXFileReference; lastKnownFileType = sourcecode.c.h; name = FunctionCallback.h; path = Bridge/FunctionCallback.h; sourceTree = "<group>"; };
		090A0E6817C0C5DC0023C28B /* FunctionCallback.m */ = {isa = PBXFileReference; lastKnownFileType = sourcecode.c.objc; name = FunctionCallback.m; path = Bridge/FunctionCallback.m; sourceTree = "<group>"; };
		090A0E6917C0C5DC0023C28B /* GetCallback.h */ = {isa = PBXFileReference; lastKnownFileType = sourcecode.c.h; name = GetCallback.h; path = Bridge/GetCallback.h; sourceTree = "<group>"; };
		090A0E6A17C0C5DD0023C28B /* GetCallback.m */ = {isa = PBXFileReference; lastKnownFileType = sourcecode.c.objc; name = GetCallback.m; path = Bridge/GetCallback.m; sourceTree = "<group>"; };
		090A0E6B17C0C5DD0023C28B /* GetDataCallback.h */ = {isa = PBXFileReference; lastKnownFileType = sourcecode.c.h; name = GetDataCallback.h; path = Bridge/GetDataCallback.h; sourceTree = "<group>"; };
		090A0E6C17C0C5DD0023C28B /* GetDataCallback.m */ = {isa = PBXFileReference; lastKnownFileType = sourcecode.c.objc; name = GetDataCallback.m; path = Bridge/GetDataCallback.m; sourceTree = "<group>"; };
		090A0E6D17C0C5DD0023C28B /* LocationCallback.h */ = {isa = PBXFileReference; lastKnownFileType = sourcecode.c.h; name = LocationCallback.h; path = Bridge/LocationCallback.h; sourceTree = "<group>"; };
		090A0E6E17C0C5DD0023C28B /* LocationCallback.m */ = {isa = PBXFileReference; lastKnownFileType = sourcecode.c.objc; name = LocationCallback.m; path = Bridge/LocationCallback.m; sourceTree = "<group>"; };
		090A0E6F17C0C5DD0023C28B /* ProgressCallback.h */ = {isa = PBXFileReference; lastKnownFileType = sourcecode.c.h; name = ProgressCallback.h; path = Bridge/ProgressCallback.h; sourceTree = "<group>"; };
		090A0E7017C0C5DD0023C28B /* ProgressCallback.m */ = {isa = PBXFileReference; lastKnownFileType = sourcecode.c.objc; name = ProgressCallback.m; path = Bridge/ProgressCallback.m; sourceTree = "<group>"; };
		090A0E7117C0C5DD0023C28B /* PushCallback.h */ = {isa = PBXFileReference; lastKnownFileType = sourcecode.c.h; name = PushCallback.h; path = Bridge/PushCallback.h; sourceTree = "<group>"; };
		090A0E7217C0C5DD0023C28B /* PushCallback.m */ = {isa = PBXFileReference; lastKnownFileType = sourcecode.c.objc; name = PushCallback.m; path = Bridge/PushCallback.m; sourceTree = "<group>"; };
		090A0E7317C0C5DD0023C28B /* RefreshCallback.h */ = {isa = PBXFileReference; lastKnownFileType = sourcecode.c.h; name = RefreshCallback.h; path = Bridge/RefreshCallback.h; sourceTree = "<group>"; };
		090A0E7417C0C5DD0023C28B /* RefreshCallback.m */ = {isa = PBXFileReference; lastKnownFileType = sourcecode.c.objc; name = RefreshCallback.m; path = Bridge/RefreshCallback.m; sourceTree = "<group>"; };
		090A0E7517C0C5DD0023C28B /* RequestPasswordResetCallback.h */ = {isa = PBXFileReference; lastKnownFileType = sourcecode.c.h; name = RequestPasswordResetCallback.h; path = Bridge/RequestPasswordResetCallback.h; sourceTree = "<group>"; };
		090A0E7617C0C5DD0023C28B /* RequestPasswordResetCallback.m */ = {isa = PBXFileReference; lastKnownFileType = sourcecode.c.objc; name = RequestPasswordResetCallback.m; path = Bridge/RequestPasswordResetCallback.m; sourceTree = "<group>"; };
		090A0E7717C0C5DD0023C28B /* SendCallback.h */ = {isa = PBXFileReference; lastKnownFileType = sourcecode.c.h; name = SendCallback.h; path = Bridge/SendCallback.h; sourceTree = "<group>"; };
		090A0E7817C0C5DD0023C28B /* SendCallback.m */ = {isa = PBXFileReference; lastKnownFileType = sourcecode.c.objc; name = SendCallback.m; path = Bridge/SendCallback.m; sourceTree = "<group>"; };
		090A0E7917C0C5DD0023C28B /* SignUpCallback.h */ = {isa = PBXFileReference; lastKnownFileType = sourcecode.c.h; name = SignUpCallback.h; path = Bridge/SignUpCallback.h; sourceTree = "<group>"; };
		090A0E7A17C0C5DD0023C28B /* SignUpCallback.m */ = {isa = PBXFileReference; lastKnownFileType = sourcecode.c.objc; name = SignUpCallback.m; path = Bridge/SignUpCallback.m; sourceTree = "<group>"; };
		090A0E7B17C0C5DD0023C28B /* StandardPushCallback.h */ = {isa = PBXFileReference; lastKnownFileType = sourcecode.c.h; name = StandardPushCallback.h; path = Bridge/StandardPushCallback.h; sourceTree = "<group>"; };
		090A0E7C17C0C5DD0023C28B /* StandardPushCallback.m */ = {isa = PBXFileReference; lastKnownFileType = sourcecode.c.objc; name = StandardPushCallback.m; path = Bridge/StandardPushCallback.m; sourceTree = "<group>"; };
		090A0E7D17C0C6910023C28B /* ParseAnonymousUtils.h */ = {isa = PBXFileReference; lastKnownFileType = sourcecode.c.h; name = ParseAnonymousUtils.h; path = Bridge/ParseAnonymousUtils.h; sourceTree = "<group>"; };
		090A0E7E17C0C6910023C28B /* ParseAnonymousUtils.m */ = {isa = PBXFileReference; lastKnownFileType = sourcecode.c.objc; name = ParseAnonymousUtils.m; path = Bridge/ParseAnonymousUtils.m; sourceTree = "<group>"; };
		090A0E7F17C0C6910023C28B /* ParseCloud.h */ = {isa = PBXFileReference; lastKnownFileType = sourcecode.c.h; name = ParseCloud.h; path = Bridge/ParseCloud.h; sourceTree = "<group>"; };
		090A0E8017C0C6910023C28B /* ParseCloud.m */ = {isa = PBXFileReference; lastKnownFileType = sourcecode.c.objc; name = ParseCloud.m; path = Bridge/ParseCloud.m; sourceTree = "<group>"; };
		090A0E8117C0C6910023C28B /* ParseImageView.h */ = {isa = PBXFileReference; lastKnownFileType = sourcecode.c.h; name = ParseImageView.h; path = Bridge/ParseImageView.h; sourceTree = "<group>"; };
		090A0E8217C0C6910023C28B /* ParseImageView.m */ = {isa = PBXFileReference; lastKnownFileType = sourcecode.c.objc; name = ParseImageView.m; path = Bridge/ParseImageView.m; sourceTree = "<group>"; };
		090A0E8317C0C6910023C28B /* ParseRelation.h */ = {isa = PBXFileReference; lastKnownFileType = sourcecode.c.h; name = ParseRelation.h; path = Bridge/ParseRelation.h; sourceTree = "<group>"; };
		090A0E8417C0C6910023C28B /* ParseRelation.m */ = {isa = PBXFileReference; lastKnownFileType = sourcecode.c.objc; name = ParseRelation.m; path = Bridge/ParseRelation.m; sourceTree = "<group>"; };
		090A0E8517C0C6910023C28B /* ParseRole.h */ = {isa = PBXFileReference; lastKnownFileType = sourcecode.c.h; name = ParseRole.h; path = Bridge/ParseRole.h; sourceTree = "<group>"; };
		090A0E8617C0C6910023C28B /* ParseRole.m */ = {isa = PBXFileReference; lastKnownFileType = sourcecode.c.objc; name = ParseRole.m; path = Bridge/ParseRole.m; sourceTree = "<group>"; };
		090A0E8717C1F0430023C28B /* CountCallback.m */ = {isa = PBXFileReference; lastKnownFileType = sourcecode.c.objc; name = CountCallback.m; path = Bridge/CountCallback.m; sourceTree = "<group>"; };
		090A0E8917C1F0630023C28B /* CountCallback.h */ = {isa = PBXFileReference; lastKnownFileType = sourcecode.c.h; name = CountCallback.h; path = Bridge/CountCallback.h; sourceTree = "<group>"; };
		098A2D4B17B0C79200B99928 /* Parse.m */ = {isa = PBXFileReference; lastKnownFileType = sourcecode.c.objc; lineEnding = 0; name = Parse.m; path = Bridge/Parse.m; sourceTree = "<group>"; xcLanguageSpecificationIdentifier = xcode.lang.objc; };
		098A2D4C17B0C79200B99928 /* ParseQuery.m */ = {isa = PBXFileReference; lastKnownFileType = sourcecode.c.objc; name = ParseQuery.m; path = Bridge/ParseQuery.m; sourceTree = "<group>"; };
		098A2D4D17B0C79200B99928 /* ParseUser.m */ = {isa = PBXFileReference; lastKnownFileType = sourcecode.c.objc; name = ParseUser.m; path = Bridge/ParseUser.m; sourceTree = "<group>"; };
		098A2D4E17B0C79200B99928 /* Parse.h */ = {isa = PBXFileReference; lastKnownFileType = sourcecode.c.h; name = Parse.h; path = Bridge/Parse.h; sourceTree = "<group>"; };
		098A2D4F17B0C79200B99928 /* ParseFacebookUtils.m */ = {isa = PBXFileReference; lastKnownFileType = sourcecode.c.objc; name = ParseFacebookUtils.m; path = Bridge/ParseFacebookUtils.m; sourceTree = "<group>"; };
		098A2D5017B0C79200B99928 /* ParseObject.m */ = {isa = PBXFileReference; lastKnownFileType = sourcecode.c.objc; name = ParseObject.m; path = Bridge/ParseObject.m; sourceTree = "<group>"; };
		098A2D5117B0C79200B99928 /* ParseFacebookUtils.h */ = {isa = PBXFileReference; lastKnownFileType = sourcecode.c.h; name = ParseFacebookUtils.h; path = Bridge/ParseFacebookUtils.h; sourceTree = "<group>"; };
		098A2D5217B0C79200B99928 /* ParseQuery.h */ = {isa = PBXFileReference; lastKnownFileType = sourcecode.c.h; name = ParseQuery.h; path = Bridge/ParseQuery.h; sourceTree = "<group>"; };
		098A2D5317B0C79200B99928 /* ParseUser.h */ = {isa = PBXFileReference; lastKnownFileType = sourcecode.c.h; name = ParseUser.h; path = Bridge/ParseUser.h; sourceTree = "<group>"; };
		098A2D5417B0C79200B99928 /* ParseFile.h */ = {isa = PBXFileReference; lastKnownFileType = sourcecode.c.h; name = ParseFile.h; path = Bridge/ParseFile.h; sourceTree = "<group>"; };
		098A2D5517B0C79200B99928 /* ParseFile.m */ = {isa = PBXFileReference; lastKnownFileType = sourcecode.c.objc; name = ParseFile.m; path = Bridge/ParseFile.m; sourceTree = "<group>"; };
		098A2D5617B0C79200B99928 /* ParseGeoPoint.h */ = {isa = PBXFileReference; lastKnownFileType = sourcecode.c.h; name = ParseGeoPoint.h; path = Bridge/ParseGeoPoint.h; sourceTree = "<group>"; };
		098A2D5717B0C79200B99928 /* ParseGeoPoint.m */ = {isa = PBXFileReference; lastKnownFileType = sourcecode.c.objc; name = ParseGeoPoint.m; path = Bridge/ParseGeoPoint.m; sourceTree = "<group>"; };
		098A2D5817B0C79200B99928 /* ParseObject.h */ = {isa = PBXFileReference; lastKnownFileType = sourcecode.c.h; name = ParseObject.h; path = Bridge/ParseObject.h; sourceTree = "<group>"; };
		098A2D5917B0C79200B99928 /* ParseTwitterUtils.h */ = {isa = PBXFileReference; lastKnownFileType = sourcecode.c.h; name = ParseTwitterUtils.h; path = Bridge/ParseTwitterUtils.h; sourceTree = "<group>"; };
		098A2D5A17B0C79200B99928 /* ParseTwitterUtils.m */ = {isa = PBXFileReference; lastKnownFileType = sourcecode.c.objc; name = ParseTwitterUtils.m; path = Bridge/ParseTwitterUtils.m; sourceTree = "<group>"; };
		098A2D5C17B0C79200B99928 /* ParseAnalytics.m */ = {isa = PBXFileReference; lastKnownFileType = sourcecode.c.objc; lineEnding = 0; name = ParseAnalytics.m; path = Bridge/ParseAnalytics.m; sourceTree = "<group>"; xcLanguageSpecificationIdentifier = xcode.lang.objc; };
		098A2D5D17B0C79200B99928 /* ParseException.h */ = {isa = PBXFileReference; lastKnownFileType = sourcecode.c.h; name = ParseException.h; path = Bridge/ParseException.h; sourceTree = "<group>"; };
		098A2D5E17B0C79200B99928 /* ParseException.m */ = {isa = PBXFileReference; lastKnownFileType = sourcecode.c.objc; name = ParseException.m; path = Bridge/ParseException.m; sourceTree = "<group>"; };
		098A2D6017B0C79200B99928 /* ParseAnalytics.h */ = {isa = PBXFileReference; lastKnownFileType = sourcecode.c.h; name = ParseAnalytics.h; path = Bridge/ParseAnalytics.h; sourceTree = "<group>"; };
		098A2D6517B0CEDA00B99928 /* ParseBridge.app */ = {isa = PBXFileReference; explicitFileType = wrapper.application; includeInIndex = 0; path = ParseBridge.app; sourceTree = BUILT_PRODUCTS_DIR; };
		098A2D8A17B0DA0000B99928 /* ParseBridgeAppDelegate.h */ = {isa = PBXFileReference; fileEncoding = 4; lastKnownFileType = sourcecode.c.h; path = ParseBridgeAppDelegate.h; sourceTree = "<group>"; };
		098A2D8B17B0DA0000B99928 /* ParseBridgeAppDelegate.m */ = {isa = PBXFileReference; fileEncoding = 4; lastKnownFileType = sourcecode.c.objc; path = ParseBridgeAppDelegate.m; sourceTree = "<group>"; };
		098A2D8D17B0DE4400B99928 /* main.m */ = {isa = PBXFileReference; fileEncoding = 4; lastKnownFileType = sourcecode.c.objc; path = main.m; sourceTree = "<group>"; };
		099DAEA9178FC7FF00CBF872 /* AudioToolbox.framework */ = {isa = PBXFileReference; lastKnownFileType = wrapper.framework; name = AudioToolbox.framework; path = System/Library/Frameworks/AudioToolbox.framework; sourceTree = SDKROOT; };
		099DAEAB178FC80400CBF872 /* CFNetwork.framework */ = {isa = PBXFileReference; lastKnownFileType = wrapper.framework; name = CFNetwork.framework; path = System/Library/Frameworks/CFNetwork.framework; sourceTree = SDKROOT; };
		099DAEAD178FC81200CBF872 /* CoreLocation.framework */ = {isa = PBXFileReference; lastKnownFileType = wrapper.framework; name = CoreLocation.framework; path = System/Library/Frameworks/CoreLocation.framework; sourceTree = SDKROOT; };
		099DAEAF178FC81E00CBF872 /* libz.1.1.3.dylib */ = {isa = PBXFileReference; lastKnownFileType = "compiled.mach-o.dylib"; name = libz.1.1.3.dylib; path = usr/lib/libz.1.1.3.dylib; sourceTree = SDKROOT; };
		099DAEB1178FC82800CBF872 /* MobileCoreServices.framework */ = {isa = PBXFileReference; lastKnownFileType = wrapper.framework; name = MobileCoreServices.framework; path = System/Library/Frameworks/MobileCoreServices.framework; sourceTree = SDKROOT; };
		099DAEB3178FC83100CBF872 /* QuartzCore.framework */ = {isa = PBXFileReference; lastKnownFileType = wrapper.framework; name = QuartzCore.framework; path = System/Library/Frameworks/QuartzCore.framework; sourceTree = SDKROOT; };
		099DAEB5178FC83800CBF872 /* Security.framework */ = {isa = PBXFileReference; lastKnownFileType = wrapper.framework; name = Security.framework; path = System/Library/Frameworks/Security.framework; sourceTree = SDKROOT; };
		099DAEB7178FC83E00CBF872 /* StoreKit.framework */ = {isa = PBXFileReference; lastKnownFileType = wrapper.framework; name = StoreKit.framework; path = System/Library/Frameworks/StoreKit.framework; sourceTree = SDKROOT; };
		099DAEB9178FC84300CBF872 /* SystemConfiguration.framework */ = {isa = PBXFileReference; lastKnownFileType = wrapper.framework; name = SystemConfiguration.framework; path = System/Library/Frameworks/SystemConfiguration.framework; sourceTree = SDKROOT; };
		09A1401C17BF51A000A3F1AE /* DeleteCallback.h */ = {isa = PBXFileReference; lastKnownFileType = sourcecode.c.h; name = DeleteCallback.h; path = Bridge/DeleteCallback.h; sourceTree = "<group>"; };
		09A1401D17BF51A100A3F1AE /* DeleteCallback.m */ = {isa = PBXFileReference; lastKnownFileType = sourcecode.c.objc; name = DeleteCallback.m; path = Bridge/DeleteCallback.m; sourceTree = "<group>"; };
		09A1401E17BF51A700A3F1AE /* LogInCallback.m */ = {isa = PBXFileReference; lastKnownFileType = sourcecode.c.objc; name = LogInCallback.m; path = Bridge/LogInCallback.m; sourceTree = "<group>"; };
		09A1401F17BF51B000A3F1AE /* LogInCallback.h */ = {isa = PBXFileReference; lastKnownFileType = sourcecode.c.h; name = LogInCallback.h; path = Bridge/LogInCallback.h; sourceTree = "<group>"; };
		09A1402017BF525000A3F1AE /* SaveCallback.m */ = {isa = PBXFileReference; lastKnownFileType = sourcecode.c.objc; name = SaveCallback.m; path = Bridge/SaveCallback.m; sourceTree = "<group>"; };
		09A1402117BF525100A3F1AE /* SaveCallback.h */ = {isa = PBXFileReference; lastKnownFileType = sourcecode.c.h; name = SaveCallback.h; path = Bridge/SaveCallback.h; sourceTree = "<group>"; };
		09A5883A17BB4116004F48C1 /* ParseInstallation.h */ = {isa = PBXFileReference; lastKnownFileType = sourcecode.c.h; name = ParseInstallation.h; path = Bridge/ParseInstallation.h; sourceTree = "<group>"; };
		09A5883B17BB4116004F48C1 /* ParseInstallation.m */ = {isa = PBXFileReference; lastKnownFileType = sourcecode.c.objc; name = ParseInstallation.m; path = Bridge/ParseInstallation.m; sourceTree = "<group>"; };
		09A5883C17BB517B004F48C1 /* PushService.h */ = {isa = PBXFileReference; lastKnownFileType = sourcecode.c.h; name = PushService.h; path = Bridge/PushService.h; sourceTree = "<group>"; };
		09A5883D17BB517B004F48C1 /* PushService.m */ = {isa = PBXFileReference; lastKnownFileType = sourcecode.c.objc; name = PushService.m; path = Bridge/PushService.m; sourceTree = "<group>"; };
		09A9B9A817B8B26A00ACA1BD /* FacebookSDK.framework */ = {isa = PBXFileReference; lastKnownFileType = wrapper.framework; path = FacebookSDK.framework; sourceTree = "<group>"; };
		09A9B9AD17B8DA1A00ACA1BD /* ParseACL.h */ = {isa = PBXFileReference; lastKnownFileType = sourcecode.c.h; name = ParseACL.h; path = Bridge/ParseACL.h; sourceTree = "<group>"; };
		09A9B9AE17B8DA1B00ACA1BD /* ParseACL.m */ = {isa = PBXFileReference; lastKnownFileType = sourcecode.c.objc; name = ParseACL.m; path = Bridge/ParseACL.m; sourceTree = "<group>"; };
		09A9B9AF17B8DA1C00ACA1BD /* ParseHeaders.h */ = {isa = PBXFileReference; lastKnownFileType = sourcecode.c.h; name = ParseHeaders.h; path = Bridge/ParseHeaders.h; sourceTree = "<group>"; };
		09A9B9B317BA1D9200ACA1BD /* ParsePush.h */ = {isa = PBXFileReference; lastKnownFileType = sourcecode.c.h; name = ParsePush.h; path = Bridge/ParsePush.h; sourceTree = "<group>"; };
		09A9B9B417BA1D9300ACA1BD /* ParsePush.m */ = {isa = PBXFileReference; lastKnownFileType = sourcecode.c.objc; name = ParsePush.m; path = Bridge/ParsePush.m; sourceTree = "<group>"; };
		6E65A31017AEA12000924194 /* Parse.framework */ = {isa = PBXFileReference; lastKnownFileType = wrapper.framework; path = Parse.framework; sourceTree = "<group>"; };
		7A3FC5FC17533CA900EF7EE1 /* UIKit.framework */ = {isa = PBXFileReference; lastKnownFileType = wrapper.framework; name = UIKit.framework; path = System/Library/Frameworks/UIKit.framework; sourceTree = SDKROOT; };
		7A3FC5FE17533CA900EF7EE1 /* Foundation.framework */ = {isa = PBXFileReference; lastKnownFileType = wrapper.framework; name = Foundation.framework; path = System/Library/Frameworks/Foundation.framework; sourceTree = SDKROOT; };
		7A3FC60017533CA900EF7EE1 /* CoreGraphics.framework */ = {isa = PBXFileReference; lastKnownFileType = wrapper.framework; name = CoreGraphics.framework; path = System/Library/Frameworks/CoreGraphics.framework; sourceTree = SDKROOT; };
		7A3FC60417533CA900EF7EE1 /* ParseBridge-Info.plist */ = {isa = PBXFileReference; lastKnownFileType = text.plist.xml; path = "ParseBridge-Info.plist"; sourceTree = "<group>"; };
		7A3FC60617533CA900EF7EE1 /* en */ = {isa = PBXFileReference; lastKnownFileType = text.plist.strings; name = en; path = en.lproj/InfoPlist.strings; sourceTree = "<group>"; };
		7A3FC60A17533CA900EF7EE1 /* ParseBridge-Prefix.pch */ = {isa = PBXFileReference; lastKnownFileType = sourcecode.c.h; lineEnding = 0; path = "ParseBridge-Prefix.pch"; sourceTree = "<group>"; xcLanguageSpecificationIdentifier = xcode.lang.objc; };
		7A3FC60E17533CA900EF7EE1 /* Default.png */ = {isa = PBXFileReference; lastKnownFileType = image.png; path = Default.png; sourceTree = "<group>"; };
		7A3FC61017533CA900EF7EE1 /* Default@2x.png */ = {isa = PBXFileReference; lastKnownFileType = image.png; path = "Default@2x.png"; sourceTree = "<group>"; };
		7A3FC61217533CA900EF7EE1 /* Default-568h@2x.png */ = {isa = PBXFileReference; lastKnownFileType = image.png; path = "Default-568h@2x.png"; sourceTree = "<group>"; };
/* End PBXFileReference section */

/* Begin PBXFrameworksBuildPhase section */
		098A2D6217B0CEDA00B99928 /* Frameworks */ = {
			isa = PBXFrameworksBuildPhase;
			buildActionMask = 2147483647;
			files = (
				098A2D8917B0D00600B99928 /* libz.1.1.3.dylib in Frameworks */,
				098A2D8617B0CFB000B99928 /* Parse.framework in Frameworks */,
				098A2D8517B0CF8700B99928 /* AudioToolbox.framework in Frameworks */,
				098A2D8417B0CF8100B99928 /* CFNetwork.framework in Frameworks */,
				098A2D6817B0CEDA00B99928 /* CoreGraphics.framework in Frameworks */,
				098A2D8317B0CF6E00B99928 /* CoreLocation.framework in Frameworks */,
				098A2D8217B0CF6700B99928 /* MobileCoreServices.framework in Frameworks */,
				098A2D8117B0CF5D00B99928 /* QuartzCore.framework in Frameworks */,
				098A2D8017B0CF5600B99928 /* Security.framework in Frameworks */,
				098A2D7F17B0CF4F00B99928 /* StoreKit.framework in Frameworks */,
				098A2D7E17B0CF4600B99928 /* SystemConfiguration.framework in Frameworks */,
				098A2D6617B0CEDA00B99928 /* UIKit.framework in Frameworks */,
				098A2D6717B0CEDA00B99928 /* Foundation.framework in Frameworks */,
				09A9B9A917B8B26A00ACA1BD /* FacebookSDK.framework in Frameworks */,
			);
			runOnlyForDeploymentPostprocessing = 0;
		};
/* End PBXFrameworksBuildPhase section */

/* Begin PBXGroup section */
		099CA3AD179B9E8A000F39DD /* Bridge */ = {
			isa = PBXGroup;
			children = (
				09A1402E17BF558500A3F1AE /* callbacks */,
				098A2D4E17B0C79200B99928 /* Parse.h */,
				098A2D4B17B0C79200B99928 /* Parse.m */,
				09A9B9B317BA1D9200ACA1BD /* ParsePush.h */,
				09A9B9B417BA1D9300ACA1BD /* ParsePush.m */,
				09A5883C17BB517B004F48C1 /* PushService.h */,
				09A5883D17BB517B004F48C1 /* PushService.m */,
				098A2D5217B0C79200B99928 /* ParseQuery.h */,
				098A2D4C17B0C79200B99928 /* ParseQuery.m */,
				098A2D5317B0C79200B99928 /* ParseUser.h */,
				098A2D4D17B0C79200B99928 /* ParseUser.m */,
				098A2D5117B0C79200B99928 /* ParseFacebookUtils.h */,
				098A2D4F17B0C79200B99928 /* ParseFacebookUtils.m */,
				098A2D5817B0C79200B99928 /* ParseObject.h */,
				098A2D5017B0C79200B99928 /* ParseObject.m */,
				09A5883A17BB4116004F48C1 /* ParseInstallation.h */,
				09A5883B17BB4116004F48C1 /* ParseInstallation.m */,
				098A2D5417B0C79200B99928 /* ParseFile.h */,
				098A2D5517B0C79200B99928 /* ParseFile.m */,
				098A2D5617B0C79200B99928 /* ParseGeoPoint.h */,
				098A2D5717B0C79200B99928 /* ParseGeoPoint.m */,
				098A2D5917B0C79200B99928 /* ParseTwitterUtils.h */,
				098A2D5A17B0C79200B99928 /* ParseTwitterUtils.m */,
				098A2D6017B0C79200B99928 /* ParseAnalytics.h */,
				098A2D5C17B0C79200B99928 /* ParseAnalytics.m */,
				098A2D5D17B0C79200B99928 /* ParseException.h */,
				098A2D5E17B0C79200B99928 /* ParseException.m */,
				09A9B9AD17B8DA1A00ACA1BD /* ParseACL.h */,
				09A9B9AE17B8DA1B00ACA1BD /* ParseACL.m */,
				090A0E7D17C0C6910023C28B /* ParseAnonymousUtils.h */,
				090A0E7E17C0C6910023C28B /* ParseAnonymousUtils.m */,
				090A0E7F17C0C6910023C28B /* ParseCloud.h */,
				090A0E8017C0C6910023C28B /* ParseCloud.m */,
				090A0E8117C0C6910023C28B /* ParseImageView.h */,
				090A0E8217C0C6910023C28B /* ParseImageView.m */,
				090A0E8317C0C6910023C28B /* ParseRelation.h */,
				090A0E8417C0C6910023C28B /* ParseRelation.m */,
				090A0E8517C0C6910023C28B /* ParseRole.h */,
				090A0E8617C0C6910023C28B /* ParseRole.m */,
				09A9B9AF17B8DA1C00ACA1BD /* ParseHeaders.h */,
			);
			name = Bridge;
			sourceTree = "<group>";
		};
		099DAEA3178FC1CF00CBF872 /* FaceBook */ = {
			isa = PBXGroup;
			children = (
				09A9B9A817B8B26A00ACA1BD /* FacebookSDK.framework */,
			);
			name = FaceBook;
			sourceTree = "<group>";
		};
		099DAEA6178FC20100CBF872 /* Parse */ = {
			isa = PBXGroup;
			children = (
				6E65A31017AEA12000924194 /* Parse.framework */,
			);
			name = Parse;
			sourceTree = "<group>";
		};
		09A1402E17BF558500A3F1AE /* callbacks */ = {
			isa = PBXGroup;
			children = (
				090A0E8917C1F0630023C28B /* CountCallback.h */,
				090A0E8717C1F0430023C28B /* CountCallback.m */,
				090A0E6517C0C5DC0023C28B /* FindCallback.h */,
				090A0E6617C0C5DC0023C28B /* FindCallback.m */,
				090A0E6717C0C5DC0023C28B /* FunctionCallback.h */,
				090A0E6817C0C5DC0023C28B /* FunctionCallback.m */,
				090A0E6917C0C5DC0023C28B /* GetCallback.h */,
				090A0E6A17C0C5DD0023C28B /* GetCallback.m */,
				090A0E6B17C0C5DD0023C28B /* GetDataCallback.h */,
				090A0E6C17C0C5DD0023C28B /* GetDataCallback.m */,
				090A0E6D17C0C5DD0023C28B /* LocationCallback.h */,
				090A0E6E17C0C5DD0023C28B /* LocationCallback.m */,
				090A0E6F17C0C5DD0023C28B /* ProgressCallback.h */,
				090A0E7017C0C5DD0023C28B /* ProgressCallback.m */,
				090A0E7117C0C5DD0023C28B /* PushCallback.h */,
				090A0E7217C0C5DD0023C28B /* PushCallback.m */,
				090A0E7317C0C5DD0023C28B /* RefreshCallback.h */,
				090A0E7417C0C5DD0023C28B /* RefreshCallback.m */,
				090A0E7517C0C5DD0023C28B /* RequestPasswordResetCallback.h */,
				090A0E7617C0C5DD0023C28B /* RequestPasswordResetCallback.m */,
				090A0E7717C0C5DD0023C28B /* SendCallback.h */,
				090A0E7817C0C5DD0023C28B /* SendCallback.m */,
				090A0E7917C0C5DD0023C28B /* SignUpCallback.h */,
				090A0E7A17C0C5DD0023C28B /* SignUpCallback.m */,
				090A0E7B17C0C5DD0023C28B /* StandardPushCallback.h */,
				090A0E7C17C0C5DD0023C28B /* StandardPushCallback.m */,
				09A1401C17BF51A000A3F1AE /* DeleteCallback.h */,
				09A1401D17BF51A100A3F1AE /* DeleteCallback.m */,
				09A1401E17BF51A700A3F1AE /* LogInCallback.m */,
				09A1401F17BF51B000A3F1AE /* LogInCallback.h */,
				09A1402017BF525000A3F1AE /* SaveCallback.m */,
				09A1402117BF525100A3F1AE /* SaveCallback.h */,
			);
			name = callbacks;
			sourceTree = "<group>";
		};
		7A3FC5ED17533CA900EF7EE1 = {
			isa = PBXGroup;
			children = (
				7A3FC60217533CA900EF7EE1 /* ParseBridge */,
				7A3FC5FB17533CA900EF7EE1 /* Frameworks */,
				7A3FC5F917533CA900EF7EE1 /* Products */,
			);
			sourceTree = "<group>";
		};
		7A3FC5F917533CA900EF7EE1 /* Products */ = {
			isa = PBXGroup;
			children = (
				098A2D6517B0CEDA00B99928 /* ParseBridge.app */,
			);
			name = Products;
			sourceTree = "<group>";
		};
		7A3FC5FB17533CA900EF7EE1 /* Frameworks */ = {
			isa = PBXGroup;
			children = (
				099DAEB9178FC84300CBF872 /* SystemConfiguration.framework */,
				099DAEB7178FC83E00CBF872 /* StoreKit.framework */,
				099DAEB5178FC83800CBF872 /* Security.framework */,
				099DAEB3178FC83100CBF872 /* QuartzCore.framework */,
				099DAEAF178FC81E00CBF872 /* libz.1.1.3.dylib */,
				099DAEB1178FC82800CBF872 /* MobileCoreServices.framework */,
				099DAEAD178FC81200CBF872 /* CoreLocation.framework */,
				099DAEAB178FC80400CBF872 /* CFNetwork.framework */,
				099DAEA9178FC7FF00CBF872 /* AudioToolbox.framework */,
				7A3FC5FC17533CA900EF7EE1 /* UIKit.framework */,
				7A3FC5FE17533CA900EF7EE1 /* Foundation.framework */,
				7A3FC60017533CA900EF7EE1 /* CoreGraphics.framework */,
			);
			name = Frameworks;
			sourceTree = "<group>";
		};
		7A3FC60217533CA900EF7EE1 /* ParseBridge */ = {
			isa = PBXGroup;
			children = (
				098A2D8A17B0DA0000B99928 /* ParseBridgeAppDelegate.h */,
				098A2D8B17B0DA0000B99928 /* ParseBridgeAppDelegate.m */,
				099CA3AD179B9E8A000F39DD /* Bridge */,
				099DAEA6178FC20100CBF872 /* Parse */,
				099DAEA3178FC1CF00CBF872 /* FaceBook */,
				7A3FC60317533CA900EF7EE1 /* Supporting Files */,
			);
			path = ParseBridge;
			sourceTree = "<group>";
		};
		7A3FC60317533CA900EF7EE1 /* Supporting Files */ = {
			isa = PBXGroup;
			children = (
				098A2D8D17B0DE4400B99928 /* main.m */,
				7A3FC60417533CA900EF7EE1 /* ParseBridge-Info.plist */,
				7A3FC60517533CA900EF7EE1 /* InfoPlist.strings */,
				7A3FC60A17533CA900EF7EE1 /* ParseBridge-Prefix.pch */,
				7A3FC60E17533CA900EF7EE1 /* Default.png */,
				7A3FC61017533CA900EF7EE1 /* Default@2x.png */,
				7A3FC61217533CA900EF7EE1 /* Default-568h@2x.png */,
			);
			name = "Supporting Files";
			sourceTree = "<group>";
		};
/* End PBXGroup section */

/* Begin PBXNativeTarget section */
		098A2D6417B0CEDA00B99928 /* ParseBridge */ = {
			isa = PBXNativeTarget;
			buildConfigurationList = 098A2D7B17B0CEDB00B99928 /* Build configuration list for PBXNativeTarget "ParseBridge" */;
			buildPhases = (
				098A2D6117B0CEDA00B99928 /* Sources */,
				098A2D6217B0CEDA00B99928 /* Frameworks */,
				098A2D6317B0CEDA00B99928 /* Resources */,
			);
			buildRules = (
			);
			dependencies = (
			);
			name = ParseBridge;
			productName = ParseBridge;
			productReference = 098A2D6517B0CEDA00B99928 /* ParseBridge.app */;
			productType = "com.apple.product-type.application";
		};
/* End PBXNativeTarget section */

/* Begin PBXProject section */
		7A3FC5EF17533CA900EF7EE1 /* Project object */ = {
			isa = PBXProject;
			attributes = {
				CLASSPREFIX = ParseBridge;
				LastUpgradeCheck = 0450;
				ORGANIZATIONNAME = Apportable;
			};
			buildConfigurationList = 7A3FC5F217533CA900EF7EE1 /* Build configuration list for PBXProject "ParseBridge" */;
			compatibilityVersion = "Xcode 3.2";
			developmentRegion = English;
			hasScannedForEncodings = 0;
			knownRegions = (
				en,
			);
			mainGroup = 7A3FC5ED17533CA900EF7EE1;
			productRefGroup = 7A3FC5F917533CA900EF7EE1 /* Products */;
			projectDirPath = "";
			projectRoot = "";
			targets = (
				098A2D6417B0CEDA00B99928 /* ParseBridge */,
			);
		};
/* End PBXProject section */

/* Begin PBXResourcesBuildPhase section */
		098A2D6317B0CEDA00B99928 /* Resources */ = {
			isa = PBXResourcesBuildPhase;
			buildActionMask = 2147483647;
			files = (
			);
			runOnlyForDeploymentPostprocessing = 0;
		};
/* End PBXResourcesBuildPhase section */

/* Begin PBXSourcesBuildPhase section */
		098A2D6117B0CEDA00B99928 /* Sources */ = {
			isa = PBXSourcesBuildPhase;
			buildActionMask = 2147483647;
			files = (
				098A2D8C17B0DA0000B99928 /* ParseBridgeAppDelegate.m in Sources */,
				098A2D8E17B0DE4400B99928 /* main.m in Sources */,
			);
			runOnlyForDeploymentPostprocessing = 0;
		};
/* End PBXSourcesBuildPhase section */

/* Begin PBXVariantGroup section */
		7A3FC60517533CA900EF7EE1 /* InfoPlist.strings */ = {
			isa = PBXVariantGroup;
			children = (
				7A3FC60617533CA900EF7EE1 /* en */,
			);
			name = InfoPlist.strings;
			sourceTree = "<group>";
		};
/* End PBXVariantGroup section */

/* Begin XCBuildConfiguration section */
		098A2D7C17B0CEDB00B99928 /* Debug */ = {
			isa = XCBuildConfiguration;
			buildSettings = {
				CLANG_ENABLE_OBJC_ARC = NO;
				CLANG_WARN_CONSTANT_CONVERSION = YES;
				CLANG_WARN_ENUM_CONVERSION = YES;
				CLANG_WARN_INT_CONVERSION = YES;
				"CODE_SIGN_IDENTITY[sdk=iphoneos*]" = "iPhone Developer";
				FRAMEWORK_SEARCH_PATHS = (
					"$(inherited)",
					"\"$(SRCROOT)/ParseBridge\"",
					"\"$(SRCROOT)/../../FacebookSDK\"",
				);
				GCC_PRECOMPILE_PREFIX_HEADER = YES;
				GCC_PREFIX_HEADER = "ParseBridge/ParseBridge-Prefix.pch";
				INFOPLIST_FILE = "ParseBridge/ParseBridge-Info.plist";
				IPHONEOS_DEPLOYMENT_TARGET = 6.1;
				ONLY_ACTIVE_ARCH = YES;
				OTHER_CFLAGS = "-DDEBUG";
				PRODUCT_NAME = "$(TARGET_NAME)";
				WRAPPER_EXTENSION = app;
			};
			name = Debug;
		};
		098A2D7D17B0CEDB00B99928 /* Release */ = {
			isa = XCBuildConfiguration;
			buildSettings = {
				CLANG_ENABLE_OBJC_ARC = NO;
				CLANG_WARN_CONSTANT_CONVERSION = YES;
				CLANG_WARN_ENUM_CONVERSION = YES;
				CLANG_WARN_INT_CONVERSION = YES;
				"CODE_SIGN_IDENTITY[sdk=iphoneos*]" = "iPhone Developer";
				FRAMEWORK_SEARCH_PATHS = (
					"$(inherited)",
					"\"$(SRCROOT)/ParseBridge\"",
					"\"$(SRCROOT)/../../FacebookSDK\"",
				);
				GCC_PRECOMPILE_PREFIX_HEADER = YES;
				GCC_PREFIX_HEADER = "ParseBridge/ParseBridge-Prefix.pch";
				INFOPLIST_FILE = "ParseBridge/ParseBridge-Info.plist";
				IPHONEOS_DEPLOYMENT_TARGET = 6.1;
				OTHER_CFLAGS = (
					"-DNS_BLOCK_ASSERTIONS=1",
					"-DDEBUG",
				);
				PRODUCT_NAME = "$(TARGET_NAME)";
				WRAPPER_EXTENSION = app;
			};
			name = Release;
		};
		7A3FC61417533CA900EF7EE1 /* Debug */ = {
			isa = XCBuildConfiguration;
			buildSettings = {
				ALWAYS_SEARCH_USER_PATHS = NO;
				CLANG_CXX_LANGUAGE_STANDARD = "gnu++0x";
				CLANG_CXX_LIBRARY = "libc++";
				CLANG_WARN_EMPTY_BODY = YES;
				CLANG_WARN__DUPLICATE_METHOD_MATCH = YES;
				"CODE_SIGN_IDENTITY[sdk=iphoneos*]" = "iPhone Developer";
				COPY_PHASE_STRIP = NO;
				GCC_C_LANGUAGE_STANDARD = gnu99;
				GCC_DYNAMIC_NO_PIC = NO;
				GCC_OPTIMIZATION_LEVEL = 0;
				GCC_PREPROCESSOR_DEFINITIONS = (
					"DEBUG=1",
					"$(inherited)",
				);
				GCC_SYMBOLS_PRIVATE_EXTERN = NO;
				GCC_WARN_ABOUT_RETURN_TYPE = YES;
				GCC_WARN_UNINITIALIZED_AUTOS = YES;
				GCC_WARN_UNUSED_VARIABLE = YES;
				IPHONEOS_DEPLOYMENT_TARGET = 6.0;
				OTHER_CFLAGS = "";
				SDKROOT = iphoneos;
				TARGETED_DEVICE_FAMILY = "1,2";
			};
			name = Debug;
		};
		7A3FC61517533CA900EF7EE1 /* Release */ = {
			isa = XCBuildConfiguration;
			buildSettings = {
				ALWAYS_SEARCH_USER_PATHS = NO;
				CLANG_CXX_LANGUAGE_STANDARD = "gnu++0x";
				CLANG_CXX_LIBRARY = "libc++";
				CLANG_WARN_EMPTY_BODY = YES;
				CLANG_WARN__DUPLICATE_METHOD_MATCH = YES;
				"CODE_SIGN_IDENTITY[sdk=iphoneos*]" = "iPhone Developer";
				COPY_PHASE_STRIP = YES;
				GCC_C_LANGUAGE_STANDARD = gnu99;
				GCC_WARN_ABOUT_RETURN_TYPE = YES;
				GCC_WARN_UNINITIALIZED_AUTOS = YES;
				GCC_WARN_UNUSED_VARIABLE = YES;
				IPHONEOS_DEPLOYMENT_TARGET = 6.0;
				OTHER_CFLAGS = "-DNS_BLOCK_ASSERTIONS=1";
				SDKROOT = iphoneos;
				TARGETED_DEVICE_FAMILY = "1,2";
				VALIDATE_PRODUCT = YES;
			};
			name = Release;
		};
/* End XCBuildConfiguration section */

/* Begin XCConfigurationList section */
		098A2D7B17B0CEDB00B99928 /* Build configuration list for PBXNativeTarget "ParseBridge" */ = {
			isa = XCConfigurationList;
			buildConfigurations = (
				098A2D7C17B0CEDB00B99928 /* Debug */,
				098A2D7D17B0CEDB00B99928 /* Release */,
			);
			defaultConfigurationIsVisible = 0;
			defaultConfigurationName = Release;
		};
		7A3FC5F217533CA900EF7EE1 /* Build configuration list for PBXProject "ParseBridge" */ = {
			isa = XCConfigurationList;
			buildConfigurations = (
				7A3FC61417533CA900EF7EE1 /* Debug */,
				7A3FC61517533CA900EF7EE1 /* Release */,
			);
			defaultConfigurationIsVisible = 0;
			defaultConfigurationName = Release;
		};
/* End XCConfigurationList section */
	};
	rootObject = 7A3FC5EF17533CA900EF7EE1 /* Project object */;
}
